
Microsoft Visual Studio Solution File, Format Version 12.00
# Visual Studio 15
VisualStudioVersion = 15.0.27130.2024
MinimumVisualStudioVersion = 10.0.40219.1
Project("{9A19103F-16F7-4668-BE54-9A1E7A4F7556}") = "Management", "WebApp\Management.csproj", "{037C568E-ED22-431A-998F-C228C414FFCC}"
EndProject
Project("{2150E333-8FDC-42A3-9474-1A3956D46DE8}") = "Sites", "Sites", "{037F4D67-E806-483A-BC7D-89056F0F5A88}"
EndProject
Project("{2150E333-8FDC-42A3-9474-1A3956D46DE8}") = "Devices", "Devices", "{399A0EF3-1413-4FD1-9906-BC9DBFAF98E1}"
EndProject
Project("{2150E333-8FDC-42A3-9474-1A3956D46DE8}") = "MxChip", "MxChip", "{67EE3842-9F9D-4EC0-8EAD-F5D5C1FF11D9}"
EndProject
Project("{2150E333-8FDC-42A3-9474-1A3956D46DE8}") = "Services", "Services", "{AC3CD801-66BB-485A-ABDB-FD02DC66E713}"
EndProject
Project("{2150E333-8FDC-42A3-9474-1A3956D46DE8}") = "Mobile Apps", "Mobile Apps", "{03FA4D5E-5F8E-45F4-A6ED-D528092144B9}"
EndProject
Project("{FAE04EC0-301F-11D3-BF4B-00C04F79EFBC}") = "OpenDoors", "OpenDoors\OpenDoors.csproj", "{83BDE6DD-4C57-4F41-8561-E6CEB08F148D}"
EndProject
Project("{FAE04EC0-301F-11D3-BF4B-00C04F79EFBC}") = "OpenDoors_Xforms.Android", "OpenDoors_Xforms\OpenDoors_Xforms.Android\OpenDoors_Xforms.Android.csproj", "{8DE4A462-0481-4514-954F-ADE28F1B52D7}"
EndProject
Project("{FAE04EC0-301F-11D3-BF4B-00C04F79EFBC}") = "OpenDoors_Xforms.UWP", "OpenDoors_Xforms\OpenDoors_Xforms.UWP\OpenDoors_Xforms.UWP.csproj", "{274391B2-4F0A-415A-852D-2153932BCA88}"
EndProject
Project("{9A19103F-16F7-4668-BE54-9A1E7A4F7556}") = "OpenDoors_Xforms", "OpenDoors_Xforms\OpenDoors_Xforms\OpenDoors_Xforms.csproj", "{45F9B83D-AA34-4A05-BCE7-C488F83B0D6A}"
EndProject
Project("{9A19103F-16F7-4668-BE54-9A1E7A4F7556}") = "RxConnectSite", "RxConnectSite\RxConnectSite.csproj", "{593E1684-1FA9-4C9B-A9D4-CFD4B666614D}"
EndProject
Global
	GlobalSection(SolutionConfigurationPlatforms) = preSolution
		Debug|Any CPU = Debug|Any CPU
		Debug|ARM = Debug|ARM
		Debug|x64 = Debug|x64
		Debug|x86 = Debug|x86
		Release|Any CPU = Release|Any CPU
		Release|ARM = Release|ARM
		Release|x64 = Release|x64
		Release|x86 = Release|x86
	EndGlobalSection
	GlobalSection(ProjectConfigurationPlatforms) = postSolution
		{037C568E-ED22-431A-998F-C228C414FFCC}.Debug|Any CPU.ActiveCfg = Debug|Any CPU
		{037C568E-ED22-431A-998F-C228C414FFCC}.Debug|Any CPU.Build.0 = Debug|Any CPU
		{037C568E-ED22-431A-998F-C228C414FFCC}.Debug|ARM.ActiveCfg = Debug|Any CPU
		{037C568E-ED22-431A-998F-C228C414FFCC}.Debug|ARM.Build.0 = Debug|Any CPU
		{037C568E-ED22-431A-998F-C228C414FFCC}.Debug|x64.ActiveCfg = Debug|Any CPU
		{037C568E-ED22-431A-998F-C228C414FFCC}.Debug|x64.Build.0 = Debug|Any CPU
		{037C568E-ED22-431A-998F-C228C414FFCC}.Debug|x86.ActiveCfg = Debug|Any CPU
		{037C568E-ED22-431A-998F-C228C414FFCC}.Debug|x86.Build.0 = Debug|Any CPU
		{037C568E-ED22-431A-998F-C228C414FFCC}.Release|Any CPU.ActiveCfg = Release|Any CPU
		{037C568E-ED22-431A-998F-C228C414FFCC}.Release|Any CPU.Build.0 = Release|Any CPU
		{037C568E-ED22-431A-998F-C228C414FFCC}.Release|ARM.ActiveCfg = Release|Any CPU
		{037C568E-ED22-431A-998F-C228C414FFCC}.Release|ARM.Build.0 = Release|Any CPU
		{037C568E-ED22-431A-998F-C228C414FFCC}.Release|x64.ActiveCfg = Release|Any CPU
		{037C568E-ED22-431A-998F-C228C414FFCC}.Release|x64.Build.0 = Release|Any CPU
		{037C568E-ED22-431A-998F-C228C414FFCC}.Release|x86.ActiveCfg = Release|Any CPU
		{037C568E-ED22-431A-998F-C228C414FFCC}.Release|x86.Build.0 = Release|Any CPU
		{83BDE6DD-4C57-4F41-8561-E6CEB08F148D}.Debug|Any CPU.ActiveCfg = Debug|Any CPU
		{83BDE6DD-4C57-4F41-8561-E6CEB08F148D}.Debug|Any CPU.Build.0 = Debug|Any CPU
		{83BDE6DD-4C57-4F41-8561-E6CEB08F148D}.Debug|Any CPU.Deploy.0 = Debug|Any CPU
		{83BDE6DD-4C57-4F41-8561-E6CEB08F148D}.Debug|ARM.ActiveCfg = Debug|Any CPU
		{83BDE6DD-4C57-4F41-8561-E6CEB08F148D}.Debug|ARM.Build.0 = Debug|Any CPU
		{83BDE6DD-4C57-4F41-8561-E6CEB08F148D}.Debug|ARM.Deploy.0 = Debug|Any CPU
		{83BDE6DD-4C57-4F41-8561-E6CEB08F148D}.Debug|x64.ActiveCfg = Debug|Any CPU
		{83BDE6DD-4C57-4F41-8561-E6CEB08F148D}.Debug|x64.Build.0 = Debug|Any CPU
		{83BDE6DD-4C57-4F41-8561-E6CEB08F148D}.Debug|x64.Deploy.0 = Debug|Any CPU
		{83BDE6DD-4C57-4F41-8561-E6CEB08F148D}.Debug|x86.ActiveCfg = Debug|Any CPU
		{83BDE6DD-4C57-4F41-8561-E6CEB08F148D}.Debug|x86.Build.0 = Debug|Any CPU
		{83BDE6DD-4C57-4F41-8561-E6CEB08F148D}.Debug|x86.Deploy.0 = Debug|Any CPU
		{83BDE6DD-4C57-4F41-8561-E6CEB08F148D}.Release|Any CPU.ActiveCfg = Release|Any CPU
		{83BDE6DD-4C57-4F41-8561-E6CEB08F148D}.Release|Any CPU.Build.0 = Release|Any CPU
		{83BDE6DD-4C57-4F41-8561-E6CEB08F148D}.Release|Any CPU.Deploy.0 = Release|Any CPU
		{83BDE6DD-4C57-4F41-8561-E6CEB08F148D}.Release|ARM.ActiveCfg = Release|Any CPU
		{83BDE6DD-4C57-4F41-8561-E6CEB08F148D}.Release|ARM.Build.0 = Release|Any CPU
		{83BDE6DD-4C57-4F41-8561-E6CEB08F148D}.Release|ARM.Deploy.0 = Release|Any CPU
		{83BDE6DD-4C57-4F41-8561-E6CEB08F148D}.Release|x64.ActiveCfg = Release|Any CPU
		{83BDE6DD-4C57-4F41-8561-E6CEB08F148D}.Release|x64.Build.0 = Release|Any CPU
		{83BDE6DD-4C57-4F41-8561-E6CEB08F148D}.Release|x64.Deploy.0 = Release|Any CPU
		{83BDE6DD-4C57-4F41-8561-E6CEB08F148D}.Release|x86.ActiveCfg = Release|Any CPU
		{83BDE6DD-4C57-4F41-8561-E6CEB08F148D}.Release|x86.Build.0 = Release|Any CPU
		{83BDE6DD-4C57-4F41-8561-E6CEB08F148D}.Release|x86.Deploy.0 = Release|Any CPU
		{8DE4A462-0481-4514-954F-ADE28F1B52D7}.Debug|Any CPU.ActiveCfg = Debug|Any CPU
		{8DE4A462-0481-4514-954F-ADE28F1B52D7}.Debug|Any CPU.Build.0 = Debug|Any CPU
		{8DE4A462-0481-4514-954F-ADE28F1B52D7}.Debug|Any CPU.Deploy.0 = Debug|Any CPU
		{8DE4A462-0481-4514-954F-ADE28F1B52D7}.Debug|ARM.ActiveCfg = Debug|Any CPU
		{8DE4A462-0481-4514-954F-ADE28F1B52D7}.Debug|ARM.Build.0 = Debug|Any CPU
		{8DE4A462-0481-4514-954F-ADE28F1B52D7}.Debug|ARM.Deploy.0 = Debug|Any CPU
		{8DE4A462-0481-4514-954F-ADE28F1B52D7}.Debug|x64.ActiveCfg = Debug|Any CPU
		{8DE4A462-0481-4514-954F-ADE28F1B52D7}.Debug|x64.Build.0 = Debug|Any CPU
		{8DE4A462-0481-4514-954F-ADE28F1B52D7}.Debug|x64.Deploy.0 = Debug|Any CPU
		{8DE4A462-0481-4514-954F-ADE28F1B52D7}.Debug|x86.ActiveCfg = Debug|Any CPU
		{8DE4A462-0481-4514-954F-ADE28F1B52D7}.Debug|x86.Build.0 = Debug|Any CPU
		{8DE4A462-0481-4514-954F-ADE28F1B52D7}.Debug|x86.Deploy.0 = Debug|Any CPU
		{8DE4A462-0481-4514-954F-ADE28F1B52D7}.Release|Any CPU.ActiveCfg = Release|Any CPU
		{8DE4A462-0481-4514-954F-ADE28F1B52D7}.Release|Any CPU.Build.0 = Release|Any CPU
		{8DE4A462-0481-4514-954F-ADE28F1B52D7}.Release|Any CPU.Deploy.0 = Release|Any CPU
		{8DE4A462-0481-4514-954F-ADE28F1B52D7}.Release|ARM.ActiveCfg = Release|Any CPU
		{8DE4A462-0481-4514-954F-ADE28F1B52D7}.Release|ARM.Build.0 = Release|Any CPU
		{8DE4A462-0481-4514-954F-ADE28F1B52D7}.Release|ARM.Deploy.0 = Release|Any CPU
		{8DE4A462-0481-4514-954F-ADE28F1B52D7}.Release|x64.ActiveCfg = Release|Any CPU
		{8DE4A462-0481-4514-954F-ADE28F1B52D7}.Release|x64.Build.0 = Release|Any CPU
		{8DE4A462-0481-4514-954F-ADE28F1B52D7}.Release|x64.Deploy.0 = Release|Any CPU
		{8DE4A462-0481-4514-954F-ADE28F1B52D7}.Release|x86.ActiveCfg = Release|Any CPU
		{8DE4A462-0481-4514-954F-ADE28F1B52D7}.Release|x86.Build.0 = Release|Any CPU
		{8DE4A462-0481-4514-954F-ADE28F1B52D7}.Release|x86.Deploy.0 = Release|Any CPU
		{274391B2-4F0A-415A-852D-2153932BCA88}.Debug|Any CPU.ActiveCfg = Debug|x86
		{274391B2-4F0A-415A-852D-2153932BCA88}.Debug|ARM.ActiveCfg = Debug|ARM
		{274391B2-4F0A-415A-852D-2153932BCA88}.Debug|ARM.Build.0 = Debug|ARM
		{274391B2-4F0A-415A-852D-2153932BCA88}.Debug|ARM.Deploy.0 = Debug|ARM
		{274391B2-4F0A-415A-852D-2153932BCA88}.Debug|x64.ActiveCfg = Debug|x64
		{274391B2-4F0A-415A-852D-2153932BCA88}.Debug|x64.Build.0 = Debug|x64
		{274391B2-4F0A-415A-852D-2153932BCA88}.Debug|x64.Deploy.0 = Debug|x64
		{274391B2-4F0A-415A-852D-2153932BCA88}.Debug|x86.ActiveCfg = Debug|x86
		{274391B2-4F0A-415A-852D-2153932BCA88}.Debug|x86.Build.0 = Debug|x86
		{274391B2-4F0A-415A-852D-2153932BCA88}.Debug|x86.Deploy.0 = Debug|x86
		{274391B2-4F0A-415A-852D-2153932BCA88}.Release|Any CPU.ActiveCfg = Release|x86
		{274391B2-4F0A-415A-852D-2153932BCA88}.Release|ARM.ActiveCfg = Release|ARM
		{274391B2-4F0A-415A-852D-2153932BCA88}.Release|ARM.Build.0 = Release|ARM
		{274391B2-4F0A-415A-852D-2153932BCA88}.Release|ARM.Deploy.0 = Release|ARM
		{274391B2-4F0A-415A-852D-2153932BCA88}.Release|x64.ActiveCfg = Release|x64
		{274391B2-4F0A-415A-852D-2153932BCA88}.Release|x64.Build.0 = Release|x64
		{274391B2-4F0A-415A-852D-2153932BCA88}.Release|x64.Deploy.0 = Release|x64
		{274391B2-4F0A-415A-852D-2153932BCA88}.Release|x86.ActiveCfg = Release|x86
		{274391B2-4F0A-415A-852D-2153932BCA88}.Release|x86.Build.0 = Release|x86
		{274391B2-4F0A-415A-852D-2153932BCA88}.Release|x86.Deploy.0 = Release|x86
		{45F9B83D-AA34-4A05-BCE7-C488F83B0D6A}.Debug|Any CPU.ActiveCfg = Debug|Any CPU
		{45F9B83D-AA34-4A05-BCE7-C488F83B0D6A}.Debug|Any CPU.Build.0 = Debug|Any CPU
		{45F9B83D-AA34-4A05-BCE7-C488F83B0D6A}.Debug|ARM.ActiveCfg = Debug|Any CPU
		{45F9B83D-AA34-4A05-BCE7-C488F83B0D6A}.Debug|ARM.Build.0 = Debug|Any CPU
		{45F9B83D-AA34-4A05-BCE7-C488F83B0D6A}.Debug|x64.ActiveCfg = Debug|Any CPU
		{45F9B83D-AA34-4A05-BCE7-C488F83B0D6A}.Debug|x64.Build.0 = Debug|Any CPU
		{45F9B83D-AA34-4A05-BCE7-C488F83B0D6A}.Debug|x86.ActiveCfg = Debug|Any CPU
		{45F9B83D-AA34-4A05-BCE7-C488F83B0D6A}.Debug|x86.Build.0 = Debug|Any CPU
		{45F9B83D-AA34-4A05-BCE7-C488F83B0D6A}.Release|Any CPU.ActiveCfg = Release|Any CPU
		{45F9B83D-AA34-4A05-BCE7-C488F83B0D6A}.Release|Any CPU.Build.0 = Release|Any CPU
		{45F9B83D-AA34-4A05-BCE7-C488F83B0D6A}.Release|ARM.ActiveCfg = Release|Any CPU
		{45F9B83D-AA34-4A05-BCE7-C488F83B0D6A}.Release|ARM.Build.0 = Release|Any CPU
		{45F9B83D-AA34-4A05-BCE7-C488F83B0D6A}.Release|x64.ActiveCfg = Release|Any CPU
		{45F9B83D-AA34-4A05-BCE7-C488F83B0D6A}.Release|x64.Build.0 = Release|Any CPU
		{45F9B83D-AA34-4A05-BCE7-C488F83B0D6A}.Release|x86.ActiveCfg = Release|Any CPU
		{45F9B83D-AA34-4A05-BCE7-C488F83B0D6A}.Release|x86.Build.0 = Release|Any CPU
		{593E1684-1FA9-4C9B-A9D4-CFD4B666614D}.Debug|Any CPU.ActiveCfg = Debug|Any CPU
		{593E1684-1FA9-4C9B-A9D4-CFD4B666614D}.Debug|Any CPU.Build.0 = Debug|Any CPU
		{593E1684-1FA9-4C9B-A9D4-CFD4B666614D}.Debug|ARM.ActiveCfg = Debug|Any CPU
		{593E1684-1FA9-4C9B-A9D4-CFD4B666614D}.Debug|ARM.Build.0 = Debug|Any CPU
		{593E1684-1FA9-4C9B-A9D4-CFD4B666614D}.Debug|x64.ActiveCfg = Debug|Any CPU
		{593E1684-1FA9-4C9B-A9D4-CFD4B666614D}.Debug|x64.Build.0 = Debug|Any CPU
		{593E1684-1FA9-4C9B-A9D4-CFD4B666614D}.Debug|x86.ActiveCfg = Debug|Any CPU
		{593E1684-1FA9-4C9B-A9D4-CFD4B666614D}.Debug|x86.Build.0 = Debug|Any CPU
		{593E1684-1FA9-4C9B-A9D4-CFD4B666614D}.Release|Any CPU.ActiveCfg = Release|Any CPU
		{593E1684-1FA9-4C9B-A9D4-CFD4B666614D}.Release|Any CPU.Build.0 = Release|Any CPU
		{593E1684-1FA9-4C9B-A9D4-CFD4B666614D}.Release|ARM.ActiveCfg = Release|Any CPU
		{593E1684-1FA9-4C9B-A9D4-CFD4B666614D}.Release|ARM.Build.0 = Release|Any CPU
		{593E1684-1FA9-4C9B-A9D4-CFD4B666614D}.Release|x64.ActiveCfg = Release|Any CPU
		{593E1684-1FA9-4C9B-A9D4-CFD4B666614D}.Release|x64.Build.0 = Release|Any CPU
		{593E1684-1FA9-4C9B-A9D4-CFD4B666614D}.Release|x86.ActiveCfg = Release|Any CPU
		{593E1684-1FA9-4C9B-A9D4-CFD4B666614D}.Release|x86.Build.0 = Release|Any CPU
	EndGlobalSection
	GlobalSection(SolutionProperties) = preSolution
		HideSolutionNode = FALSE
	EndGlobalSection
	GlobalSection(NestedProjects) = preSolution
		{037C568E-ED22-431A-998F-C228C414FFCC} = {037F4D67-E806-483A-BC7D-89056F0F5A88}
		{67EE3842-9F9D-4EC0-8EAD-F5D5C1FF11D9} = {399A0EF3-1413-4FD1-9906-BC9DBFAF98E1}
		{03FA4D5E-5F8E-45F4-A6ED-D528092144B9} = {399A0EF3-1413-4FD1-9906-BC9DBFAF98E1}
		{83BDE6DD-4C57-4F41-8561-E6CEB08F148D} = {03FA4D5E-5F8E-45F4-A6ED-D528092144B9}
		{8DE4A462-0481-4514-954F-ADE28F1B52D7} = {03FA4D5E-5F8E-45F4-A6ED-D528092144B9}
		{274391B2-4F0A-415A-852D-2153932BCA88} = {03FA4D5E-5F8E-45F4-A6ED-D528092144B9}
		{45F9B83D-AA34-4A05-BCE7-C488F83B0D6A} = {03FA4D5E-5F8E-45F4-A6ED-D528092144B9}
		{593E1684-1FA9-4C9B-A9D4-CFD4B666614D} = {037F4D67-E806-483A-BC7D-89056F0F5A88}
	EndGlobalSection
	GlobalSection(ExtensibilityGlobals) = postSolution
		SolutionGuid = {694241E7-DDFE-4935-BC5C-DABA3769CD70}
	EndGlobalSection
EndGlobal
