
Microsoft Visual Studio Solution File, Format Version 12.00
# Visual Studio 15
VisualStudioVersion = 15.0.26730.10
MinimumVisualStudioVersion = 10.0.40219.1


Project("{9A19103F-16F7-4668-BE54-9A1E7A4F7556}") = "OpenDoors_Xforms", "OpenDoors_Xforms\OpenDoors_Xforms\OpenDoors_Xforms.csproj", "{8C4834AB-052F-45C4-944D-D7B953D7164B}"
EndProject



Project("{FAE04EC0-301F-11D3-BF4B-00C04F79EFBC}") = "OpenDoors_Xforms.Android", "OpenDoors_Xforms\OpenDoors_Xforms.Android\OpenDoors_Xforms.Android.csproj", "{8DE4A462-0481-4514-954F-ADE28F1B52D7}"
EndProject

Project("{FAE04EC0-301F-11D3-BF4B-00C04F79EFBC}") = "OpenDoors_Xforms.UWP", "OpenDoors_Xforms\OpenDoors_Xforms.UWP\OpenDoors_Xforms.UWP.csproj", "{274391B2-4F0A-415A-852D-2153932BCA88}"
EndProject

Global
	GlobalSection(SolutionConfigurationPlatforms) = preSolution
		Ad-Hoc|Any CPU = Ad-Hoc|Any CPU
		Ad-Hoc|ARM = Ad-Hoc|ARM
		Ad-Hoc|iPhone = Ad-Hoc|iPhone
		Ad-Hoc|iPhoneSimulator = Ad-Hoc|iPhoneSimulator
		Ad-Hoc|x64 = Ad-Hoc|x64
		Ad-Hoc|x86 = Ad-Hoc|x86
		AppStore|Any CPU = AppStore|Any CPU
		AppStore|ARM = AppStore|ARM
		AppStore|iPhone = AppStore|iPhone
		AppStore|iPhoneSimulator = AppStore|iPhoneSimulator
		AppStore|x64 = AppStore|x64
		AppStore|x86 = AppStore|x86
		Debug|Any CPU = Debug|Any CPU
		Debug|ARM = Debug|ARM
		Debug|iPhone = Debug|iPhone
		Debug|iPhoneSimulator = Debug|iPhoneSimulator
		Debug|x64 = Debug|x64
		Debug|x86 = Debug|x86
		Release|Any CPU = Release|Any CPU
		Release|ARM = Release|ARM
		Release|iPhone = Release|iPhone
		Release|iPhoneSimulator = Release|iPhoneSimulator
		Release|x64 = Release|x64
		Release|x86 = Release|x86
	EndGlobalSection
	GlobalSection(ProjectConfigurationPlatforms) = postSolution
		{8C4834AB-052F-45C4-944D-D7B953D7164B}.Ad-Hoc|Any CPU.ActiveCfg = Debug|Any CPU
		{8C4834AB-052F-45C4-944D-D7B953D7164B}.Ad-Hoc|Any CPU.Build.0 = Debug|Any CPU
		{8C4834AB-052F-45C4-944D-D7B953D7164B}.Ad-Hoc|ARM.ActiveCfg = Debug|Any CPU
		{8C4834AB-052F-45C4-944D-D7B953D7164B}.Ad-Hoc|ARM.Build.0 = Debug|Any CPU
		{8C4834AB-052F-45C4-944D-D7B953D7164B}.Ad-Hoc|iPhone.ActiveCfg = Debug|Any CPU
		{8C4834AB-052F-45C4-944D-D7B953D7164B}.Ad-Hoc|iPhone.Build.0 = Debug|Any CPU
		{8C4834AB-052F-45C4-944D-D7B953D7164B}.Ad-Hoc|iPhoneSimulator.ActiveCfg = Debug|Any CPU
		{8C4834AB-052F-45C4-944D-D7B953D7164B}.Ad-Hoc|iPhoneSimulator.Build.0 = Debug|Any CPU
		{8C4834AB-052F-45C4-944D-D7B953D7164B}.Ad-Hoc|x64.ActiveCfg = Debug|Any CPU
		{8C4834AB-052F-45C4-944D-D7B953D7164B}.Ad-Hoc|x64.Build.0 = Debug|Any CPU
		{8C4834AB-052F-45C4-944D-D7B953D7164B}.Ad-Hoc|x86.ActiveCfg = Debug|Any CPU
		{8C4834AB-052F-45C4-944D-D7B953D7164B}.Ad-Hoc|x86.Build.0 = Debug|Any CPU
		{8C4834AB-052F-45C4-944D-D7B953D7164B}.AppStore|Any CPU.ActiveCfg = Debug|Any CPU
		{8C4834AB-052F-45C4-944D-D7B953D7164B}.AppStore|Any CPU.Build.0 = Debug|Any CPU
		{8C4834AB-052F-45C4-944D-D7B953D7164B}.AppStore|ARM.ActiveCfg = Debug|Any CPU
		{8C4834AB-052F-45C4-944D-D7B953D7164B}.AppStore|ARM.Build.0 = Debug|Any CPU
		{8C4834AB-052F-45C4-944D-D7B953D7164B}.AppStore|iPhone.ActiveCfg = Debug|Any CPU
		{8C4834AB-052F-45C4-944D-D7B953D7164B}.AppStore|iPhone.Build.0 = Debug|Any CPU
		{8C4834AB-052F-45C4-944D-D7B953D7164B}.AppStore|iPhoneSimulator.ActiveCfg = Debug|Any CPU
		{8C4834AB-052F-45C4-944D-D7B953D7164B}.AppStore|iPhoneSimulator.Build.0 = Debug|Any CPU
		{8C4834AB-052F-45C4-944D-D7B953D7164B}.AppStore|x64.ActiveCfg = Debug|Any CPU
		{8C4834AB-052F-45C4-944D-D7B953D7164B}.AppStore|x64.Build.0 = Debug|Any CPU
		{8C4834AB-052F-45C4-944D-D7B953D7164B}.AppStore|x86.ActiveCfg = Debug|Any CPU
		{8C4834AB-052F-45C4-944D-D7B953D7164B}.AppStore|x86.Build.0 = Debug|Any CPU
		{8C4834AB-052F-45C4-944D-D7B953D7164B}.Debug|Any CPU.ActiveCfg = Debug|Any CPU
		{8C4834AB-052F-45C4-944D-D7B953D7164B}.Debug|Any CPU.Build.0 = Debug|Any CPU
		{8C4834AB-052F-45C4-944D-D7B953D7164B}.Debug|ARM.ActiveCfg = Debug|Any CPU
		{8C4834AB-052F-45C4-944D-D7B953D7164B}.Debug|ARM.Build.0 = Debug|Any CPU
		{8C4834AB-052F-45C4-944D-D7B953D7164B}.Debug|iPhone.ActiveCfg = Debug|Any CPU
		{8C4834AB-052F-45C4-944D-D7B953D7164B}.Debug|iPhone.Build.0 = Debug|Any CPU
		{8C4834AB-052F-45C4-944D-D7B953D7164B}.Debug|iPhoneSimulator.ActiveCfg = Debug|Any CPU
		{8C4834AB-052F-45C4-944D-D7B953D7164B}.Debug|iPhoneSimulator.Build.0 = Debug|Any CPU
		{8C4834AB-052F-45C4-944D-D7B953D7164B}.Debug|x64.ActiveCfg = Debug|Any CPU
		{8C4834AB-052F-45C4-944D-D7B953D7164B}.Debug|x64.Build.0 = Debug|Any CPU
		{8C4834AB-052F-45C4-944D-D7B953D7164B}.Debug|x86.ActiveCfg = Debug|Any CPU
		{8C4834AB-052F-45C4-944D-D7B953D7164B}.Debug|x86.Build.0 = Debug|Any CPU
		{8C4834AB-052F-45C4-944D-D7B953D7164B}.Release|Any CPU.ActiveCfg = Release|Any CPU
		{8C4834AB-052F-45C4-944D-D7B953D7164B}.Release|Any CPU.Build.0 = Release|Any CPU
		{8C4834AB-052F-45C4-944D-D7B953D7164B}.Release|ARM.ActiveCfg = Release|Any CPU
		{8C4834AB-052F-45C4-944D-D7B953D7164B}.Release|ARM.Build.0 = Release|Any CPU
		{8C4834AB-052F-45C4-944D-D7B953D7164B}.Release|iPhone.ActiveCfg = Release|Any CPU
		{8C4834AB-052F-45C4-944D-D7B953D7164B}.Release|iPhone.Build.0 = Release|Any CPU
		{8C4834AB-052F-45C4-944D-D7B953D7164B}.Release|iPhoneSimulator.ActiveCfg = Release|Any CPU
		{8C4834AB-052F-45C4-944D-D7B953D7164B}.Release|iPhoneSimulator.Build.0 = Release|Any CPU
		{8C4834AB-052F-45C4-944D-D7B953D7164B}.Release|x64.ActiveCfg = Release|Any CPU
		{8C4834AB-052F-45C4-944D-D7B953D7164B}.Release|x64.Build.0 = Release|Any CPU
		{8C4834AB-052F-45C4-944D-D7B953D7164B}.Release|x86.ActiveCfg = Release|Any CPU
		{8C4834AB-052F-45C4-944D-D7B953D7164B}.Release|x86.Build.0 = Release|Any CPU
		{04C75CF1-B7F3-494E-B29C-48C914EA84B7}.Ad-Hoc|Any CPU.ActiveCfg = Ad-Hoc|iPhone
		{04C75CF1-B7F3-494E-B29C-48C914EA84B7}.Ad-Hoc|ARM.ActiveCfg = Ad-Hoc|iPhone
		{04C75CF1-B7F3-494E-B29C-48C914EA84B7}.Ad-Hoc|iPhone.ActiveCfg = Ad-Hoc|iPhone
		{04C75CF1-B7F3-494E-B29C-48C914EA84B7}.Ad-Hoc|iPhone.Build.0 = Ad-Hoc|iPhone
		{04C75CF1-B7F3-494E-B29C-48C914EA84B7}.Ad-Hoc|iPhoneSimulator.ActiveCfg = Ad-Hoc|iPhoneSimulator
		{04C75CF1-B7F3-494E-B29C-48C914EA84B7}.Ad-Hoc|iPhoneSimulator.Build.0 = Ad-Hoc|iPhoneSimulator
		{04C75CF1-B7F3-494E-B29C-48C914EA84B7}.Ad-Hoc|x64.ActiveCfg = Ad-Hoc|iPhone
		{04C75CF1-B7F3-494E-B29C-48C914EA84B7}.Ad-Hoc|x86.ActiveCfg = Ad-Hoc|iPhone
		{04C75CF1-B7F3-494E-B29C-48C914EA84B7}.AppStore|Any CPU.ActiveCfg = AppStore|iPhone
		{04C75CF1-B7F3-494E-B29C-48C914EA84B7}.AppStore|ARM.ActiveCfg = AppStore|iPhone
		{04C75CF1-B7F3-494E-B29C-48C914EA84B7}.AppStore|iPhone.ActiveCfg = AppStore|iPhone
		{04C75CF1-B7F3-494E-B29C-48C914EA84B7}.AppStore|iPhone.Build.0 = AppStore|iPhone
		{04C75CF1-B7F3-494E-B29C-48C914EA84B7}.AppStore|iPhoneSimulator.ActiveCfg = AppStore|iPhoneSimulator
		{04C75CF1-B7F3-494E-B29C-48C914EA84B7}.AppStore|iPhoneSimulator.Build.0 = AppStore|iPhoneSimulator
		{04C75CF1-B7F3-494E-B29C-48C914EA84B7}.AppStore|x64.ActiveCfg = AppStore|iPhone
		{04C75CF1-B7F3-494E-B29C-48C914EA84B7}.AppStore|x86.ActiveCfg = AppStore|iPhone
		{04C75CF1-B7F3-494E-B29C-48C914EA84B7}.Debug|Any CPU.ActiveCfg = Debug|iPhone
		{04C75CF1-B7F3-494E-B29C-48C914EA84B7}.Debug|ARM.ActiveCfg = Debug|iPhone
		{04C75CF1-B7F3-494E-B29C-48C914EA84B7}.Debug|iPhone.ActiveCfg = Debug|iPhone
		{04C75CF1-B7F3-494E-B29C-48C914EA84B7}.Debug|iPhone.Build.0 = Debug|iPhone
		{04C75CF1-B7F3-494E-B29C-48C914EA84B7}.Debug|iPhoneSimulator.ActiveCfg = Debug|iPhoneSimulator
		{04C75CF1-B7F3-494E-B29C-48C914EA84B7}.Debug|iPhoneSimulator.Build.0 = Debug|iPhoneSimulator
		{04C75CF1-B7F3-494E-B29C-48C914EA84B7}.Debug|x64.ActiveCfg = Debug|iPhone
		{04C75CF1-B7F3-494E-B29C-48C914EA84B7}.Debug|x86.ActiveCfg = Debug|iPhone
		{04C75CF1-B7F3-494E-B29C-48C914EA84B7}.Release|Any CPU.ActiveCfg = Release|iPhone
		{04C75CF1-B7F3-494E-B29C-48C914EA84B7}.Release|ARM.ActiveCfg = Release|iPhone
		{04C75CF1-B7F3-494E-B29C-48C914EA84B7}.Release|iPhone.ActiveCfg = Release|iPhone
		{04C75CF1-B7F3-494E-B29C-48C914EA84B7}.Release|iPhone.Build.0 = Release|iPhone
		{04C75CF1-B7F3-494E-B29C-48C914EA84B7}.Release|iPhoneSimulator.ActiveCfg = Release|iPhoneSimulator
		{04C75CF1-B7F3-494E-B29C-48C914EA84B7}.Release|iPhoneSimulator.Build.0 = Release|iPhoneSimulator
		{04C75CF1-B7F3-494E-B29C-48C914EA84B7}.Release|x64.ActiveCfg = Release|iPhone
		{04C75CF1-B7F3-494E-B29C-48C914EA84B7}.Release|x86.ActiveCfg = Release|iPhone
		{274391B2-4F0A-415A-852D-2153932BCA88}.Ad-Hoc|Any CPU.ActiveCfg = Release|x86
		{274391B2-4F0A-415A-852D-2153932BCA88}.Ad-Hoc|Any CPU.Build.0 = Release|x86
		{274391B2-4F0A-415A-852D-2153932BCA88}.Ad-Hoc|Any CPU.Deploy.0 = Release|x86
		{274391B2-4F0A-415A-852D-2153932BCA88}.Ad-Hoc|ARM.ActiveCfg = Release|ARM
		{274391B2-4F0A-415A-852D-2153932BCA88}.Ad-Hoc|ARM.Build.0 = Release|ARM
		{274391B2-4F0A-415A-852D-2153932BCA88}.Ad-Hoc|ARM.Deploy.0 = Release|ARM
		{274391B2-4F0A-415A-852D-2153932BCA88}.Ad-Hoc|iPhone.ActiveCfg = Release|x86
		{274391B2-4F0A-415A-852D-2153932BCA88}.Ad-Hoc|iPhone.Build.0 = Release|x86
		{274391B2-4F0A-415A-852D-2153932BCA88}.Ad-Hoc|iPhone.Deploy.0 = Release|x86
		{274391B2-4F0A-415A-852D-2153932BCA88}.Ad-Hoc|iPhoneSimulator.ActiveCfg = Release|x86
		{274391B2-4F0A-415A-852D-2153932BCA88}.Ad-Hoc|iPhoneSimulator.Build.0 = Release|x86
		{274391B2-4F0A-415A-852D-2153932BCA88}.Ad-Hoc|iPhoneSimulator.Deploy.0 = Release|x86
		{274391B2-4F0A-415A-852D-2153932BCA88}.Ad-Hoc|x64.ActiveCfg = Release|x64
		{274391B2-4F0A-415A-852D-2153932BCA88}.Ad-Hoc|x64.Build.0 = Release|x64
		{274391B2-4F0A-415A-852D-2153932BCA88}.Ad-Hoc|x64.Deploy.0 = Release|x64
		{274391B2-4F0A-415A-852D-2153932BCA88}.Ad-Hoc|x86.ActiveCfg = Release|x86
		{274391B2-4F0A-415A-852D-2153932BCA88}.Ad-Hoc|x86.Build.0 = Release|x86
		{274391B2-4F0A-415A-852D-2153932BCA88}.Ad-Hoc|x86.Deploy.0 = Release|x86
		{274391B2-4F0A-415A-852D-2153932BCA88}.AppStore|Any CPU.ActiveCfg = Release|x86
		{274391B2-4F0A-415A-852D-2153932BCA88}.AppStore|Any CPU.Build.0 = Release|x86
		{274391B2-4F0A-415A-852D-2153932BCA88}.AppStore|Any CPU.Deploy.0 = Release|x86
		{274391B2-4F0A-415A-852D-2153932BCA88}.AppStore|ARM.ActiveCfg = Release|ARM
		{274391B2-4F0A-415A-852D-2153932BCA88}.AppStore|ARM.Build.0 = Release|ARM
		{274391B2-4F0A-415A-852D-2153932BCA88}.AppStore|ARM.Deploy.0 = Release|ARM
		{274391B2-4F0A-415A-852D-2153932BCA88}.AppStore|iPhone.ActiveCfg = Release|x86
		{274391B2-4F0A-415A-852D-2153932BCA88}.AppStore|iPhone.Build.0 = Release|x86
		{274391B2-4F0A-415A-852D-2153932BCA88}.AppStore|iPhone.Deploy.0 = Release|x86
		{274391B2-4F0A-415A-852D-2153932BCA88}.AppStore|iPhoneSimulator.ActiveCfg = Release|x86
		{274391B2-4F0A-415A-852D-2153932BCA88}.AppStore|iPhoneSimulator.Build.0 = Release|x86
		{274391B2-4F0A-415A-852D-2153932BCA88}.AppStore|iPhoneSimulator.Deploy.0 = Release|x86
		{274391B2-4F0A-415A-852D-2153932BCA88}.AppStore|x64.ActiveCfg = Release|x64
		{274391B2-4F0A-415A-852D-2153932BCA88}.AppStore|x64.Build.0 = Release|x64
		{274391B2-4F0A-415A-852D-2153932BCA88}.AppStore|x64.Deploy.0 = Release|x64
		{274391B2-4F0A-415A-852D-2153932BCA88}.AppStore|x86.ActiveCfg = Release|x86
		{274391B2-4F0A-415A-852D-2153932BCA88}.AppStore|x86.Build.0 = Release|x86
		{274391B2-4F0A-415A-852D-2153932BCA88}.AppStore|x86.Deploy.0 = Release|x86
		{274391B2-4F0A-415A-852D-2153932BCA88}.Debug|Any CPU.ActiveCfg = Debug|x86
		{274391B2-4F0A-415A-852D-2153932BCA88}.Debug|ARM.ActiveCfg = Debug|ARM
		{274391B2-4F0A-415A-852D-2153932BCA88}.Debug|ARM.Build.0 = Debug|ARM
		{274391B2-4F0A-415A-852D-2153932BCA88}.Debug|ARM.Deploy.0 = Debug|ARM
		{274391B2-4F0A-415A-852D-2153932BCA88}.Debug|iPhone.ActiveCfg = Debug|x86
		{274391B2-4F0A-415A-852D-2153932BCA88}.Debug|iPhoneSimulator.ActiveCfg = Debug|x86
		{274391B2-4F0A-415A-852D-2153932BCA88}.Debug|x64.ActiveCfg = Debug|x64
		{274391B2-4F0A-415A-852D-2153932BCA88}.Debug|x64.Build.0 = Debug|x64
		{274391B2-4F0A-415A-852D-2153932BCA88}.Debug|x64.Deploy.0 = Debug|x64
		{274391B2-4F0A-415A-852D-2153932BCA88}.Debug|x86.ActiveCfg = Debug|x86
		{274391B2-4F0A-415A-852D-2153932BCA88}.Debug|x86.Build.0 = Debug|x86
		{274391B2-4F0A-415A-852D-2153932BCA88}.Debug|x86.Deploy.0 = Debug|x86
		{274391B2-4F0A-415A-852D-2153932BCA88}.Release|Any CPU.ActiveCfg = Release|x86
		{274391B2-4F0A-415A-852D-2153932BCA88}.Release|ARM.ActiveCfg = Release|ARM
		{274391B2-4F0A-415A-852D-2153932BCA88}.Release|ARM.Build.0 = Release|ARM
		{274391B2-4F0A-415A-852D-2153932BCA88}.Release|ARM.Deploy.0 = Release|ARM
		{274391B2-4F0A-415A-852D-2153932BCA88}.Release|iPhone.ActiveCfg = Release|x86
		{274391B2-4F0A-415A-852D-2153932BCA88}.Release|iPhoneSimulator.ActiveCfg = Release|x86
		{274391B2-4F0A-415A-852D-2153932BCA88}.Release|x64.ActiveCfg = Release|x64
		{274391B2-4F0A-415A-852D-2153932BCA88}.Release|x64.Build.0 = Release|x64
		{274391B2-4F0A-415A-852D-2153932BCA88}.Release|x64.Deploy.0 = Release|x64
		{274391B2-4F0A-415A-852D-2153932BCA88}.Release|x86.ActiveCfg = Release|x86
		{274391B2-4F0A-415A-852D-2153932BCA88}.Release|x86.Build.0 = Release|x86
		{274391B2-4F0A-415A-852D-2153932BCA88}.Release|x86.Deploy.0 = Release|x86
		{20FDA6ED-B68E-4610-807B-F358668F181E}.Ad-Hoc|Any CPU.ActiveCfg = Release|Any CPU
		{20FDA6ED-B68E-4610-807B-F358668F181E}.Ad-Hoc|Any CPU.Build.0 = Release|Any CPU
		{20FDA6ED-B68E-4610-807B-F358668F181E}.Ad-Hoc|Any CPU.Deploy.0 = Release|Any CPU
		{20FDA6ED-B68E-4610-807B-F358668F181E}.Ad-Hoc|ARM.ActiveCfg = Release|Any CPU
		{20FDA6ED-B68E-4610-807B-F358668F181E}.Ad-Hoc|ARM.Build.0 = Release|Any CPU
		{20FDA6ED-B68E-4610-807B-F358668F181E}.Ad-Hoc|ARM.Deploy.0 = Release|Any CPU
		{20FDA6ED-B68E-4610-807B-F358668F181E}.Ad-Hoc|iPhone.ActiveCfg = Release|Any CPU
		{20FDA6ED-B68E-4610-807B-F358668F181E}.Ad-Hoc|iPhone.Build.0 = Release|Any CPU
		{20FDA6ED-B68E-4610-807B-F358668F181E}.Ad-Hoc|iPhone.Deploy.0 = Release|Any CPU
		{20FDA6ED-B68E-4610-807B-F358668F181E}.Ad-Hoc|iPhoneSimulator.ActiveCfg = Release|Any CPU
		{20FDA6ED-B68E-4610-807B-F358668F181E}.Ad-Hoc|iPhoneSimulator.Build.0 = Release|Any CPU
		{20FDA6ED-B68E-4610-807B-F358668F181E}.Ad-Hoc|iPhoneSimulator.Deploy.0 = Release|Any CPU
		{20FDA6ED-B68E-4610-807B-F358668F181E}.Ad-Hoc|x64.ActiveCfg = Release|Any CPU
		{20FDA6ED-B68E-4610-807B-F358668F181E}.Ad-Hoc|x64.Build.0 = Release|Any CPU
		{20FDA6ED-B68E-4610-807B-F358668F181E}.Ad-Hoc|x64.Deploy.0 = Release|Any CPU
		{20FDA6ED-B68E-4610-807B-F358668F181E}.Ad-Hoc|x86.ActiveCfg = Release|Any CPU
		{20FDA6ED-B68E-4610-807B-F358668F181E}.Ad-Hoc|x86.Build.0 = Release|Any CPU
		{20FDA6ED-B68E-4610-807B-F358668F181E}.Ad-Hoc|x86.Deploy.0 = Release|Any CPU
		{20FDA6ED-B68E-4610-807B-F358668F181E}.AppStore|Any CPU.ActiveCfg = Release|Any CPU
		{20FDA6ED-B68E-4610-807B-F358668F181E}.AppStore|Any CPU.Build.0 = Release|Any CPU
		{20FDA6ED-B68E-4610-807B-F358668F181E}.AppStore|Any CPU.Deploy.0 = Release|Any CPU
		{20FDA6ED-B68E-4610-807B-F358668F181E}.AppStore|ARM.ActiveCfg = Release|Any CPU
		{20FDA6ED-B68E-4610-807B-F358668F181E}.AppStore|ARM.Build.0 = Release|Any CPU
		{20FDA6ED-B68E-4610-807B-F358668F181E}.AppStore|ARM.Deploy.0 = Release|Any CPU
		{20FDA6ED-B68E-4610-807B-F358668F181E}.AppStore|iPhone.ActiveCfg = Release|Any CPU
		{20FDA6ED-B68E-4610-807B-F358668F181E}.AppStore|iPhone.Build.0 = Release|Any CPU
		{20FDA6ED-B68E-4610-807B-F358668F181E}.AppStore|iPhone.Deploy.0 = Release|Any CPU
		{20FDA6ED-B68E-4610-807B-F358668F181E}.AppStore|iPhoneSimulator.ActiveCfg = Release|Any CPU
		{20FDA6ED-B68E-4610-807B-F358668F181E}.AppStore|iPhoneSimulator.Build.0 = Release|Any CPU
		{20FDA6ED-B68E-4610-807B-F358668F181E}.AppStore|iPhoneSimulator.Deploy.0 = Release|Any CPU
		{20FDA6ED-B68E-4610-807B-F358668F181E}.AppStore|x64.ActiveCfg = Release|Any CPU
		{20FDA6ED-B68E-4610-807B-F358668F181E}.AppStore|x64.Build.0 = Release|Any CPU
		{20FDA6ED-B68E-4610-807B-F358668F181E}.AppStore|x64.Deploy.0 = Release|Any CPU
		{20FDA6ED-B68E-4610-807B-F358668F181E}.AppStore|x86.ActiveCfg = Release|Any CPU
		{20FDA6ED-B68E-4610-807B-F358668F181E}.AppStore|x86.Build.0 = Release|Any CPU
		{20FDA6ED-B68E-4610-807B-F358668F181E}.AppStore|x86.Deploy.0 = Release|Any CPU
		{20FDA6ED-B68E-4610-807B-F358668F181E}.Debug|Any CPU.ActiveCfg = Debug|Any CPU
		{20FDA6ED-B68E-4610-807B-F358668F181E}.Debug|Any CPU.Build.0 = Debug|Any CPU
		{20FDA6ED-B68E-4610-807B-F358668F181E}.Debug|Any CPU.Deploy.0 = Debug|Any CPU
		{20FDA6ED-B68E-4610-807B-F358668F181E}.Debug|ARM.ActiveCfg = Debug|Any CPU
		{20FDA6ED-B68E-4610-807B-F358668F181E}.Debug|ARM.Build.0 = Debug|Any CPU
		{20FDA6ED-B68E-4610-807B-F358668F181E}.Debug|ARM.Deploy.0 = Debug|Any CPU
		{20FDA6ED-B68E-4610-807B-F358668F181E}.Debug|iPhone.ActiveCfg = Debug|Any CPU
		{20FDA6ED-B68E-4610-807B-F358668F181E}.Debug|iPhone.Build.0 = Debug|Any CPU
		{20FDA6ED-B68E-4610-807B-F358668F181E}.Debug|iPhone.Deploy.0 = Debug|Any CPU
		{20FDA6ED-B68E-4610-807B-F358668F181E}.Debug|iPhoneSimulator.ActiveCfg = Debug|Any CPU
		{20FDA6ED-B68E-4610-807B-F358668F181E}.Debug|iPhoneSimulator.Build.0 = Debug|Any CPU
		{20FDA6ED-B68E-4610-807B-F358668F181E}.Debug|iPhoneSimulator.Deploy.0 = Debug|Any CPU
		{20FDA6ED-B68E-4610-807B-F358668F181E}.Debug|x64.ActiveCfg = Debug|Any CPU
		{20FDA6ED-B68E-4610-807B-F358668F181E}.Debug|x64.Build.0 = Debug|Any CPU
		{20FDA6ED-B68E-4610-807B-F358668F181E}.Debug|x64.Deploy.0 = Debug|Any CPU
		{20FDA6ED-B68E-4610-807B-F358668F181E}.Debug|x86.ActiveCfg = Debug|Any CPU
		{20FDA6ED-B68E-4610-807B-F358668F181E}.Debug|x86.Build.0 = Debug|Any CPU
		{20FDA6ED-B68E-4610-807B-F358668F181E}.Debug|x86.Deploy.0 = Debug|Any CPU
		{20FDA6ED-B68E-4610-807B-F358668F181E}.Release|Any CPU.ActiveCfg = Release|Any CPU
		{20FDA6ED-B68E-4610-807B-F358668F181E}.Release|Any CPU.Build.0 = Release|Any CPU
		{20FDA6ED-B68E-4610-807B-F358668F181E}.Release|Any CPU.Deploy.0 = Release|Any CPU
		{20FDA6ED-B68E-4610-807B-F358668F181E}.Release|ARM.ActiveCfg = Release|Any CPU
		{20FDA6ED-B68E-4610-807B-F358668F181E}.Release|ARM.Build.0 = Release|Any CPU
		{20FDA6ED-B68E-4610-807B-F358668F181E}.Release|ARM.Deploy.0 = Release|Any CPU
		{20FDA6ED-B68E-4610-807B-F358668F181E}.Release|iPhone.ActiveCfg = Release|Any CPU
		{20FDA6ED-B68E-4610-807B-F358668F181E}.Release|iPhone.Build.0 = Release|Any CPU
		{20FDA6ED-B68E-4610-807B-F358668F181E}.Release|iPhone.Deploy.0 = Release|Any CPU
		{20FDA6ED-B68E-4610-807B-F358668F181E}.Release|iPhoneSimulator.ActiveCfg = Release|Any CPU
		{20FDA6ED-B68E-4610-807B-F358668F181E}.Release|iPhoneSimulator.Build.0 = Release|Any CPU
		{20FDA6ED-B68E-4610-807B-F358668F181E}.Release|iPhoneSimulator.Deploy.0 = Release|Any CPU
		{20FDA6ED-B68E-4610-807B-F358668F181E}.Release|x64.ActiveCfg = Release|Any CPU
		{20FDA6ED-B68E-4610-807B-F358668F181E}.Release|x64.Build.0 = Release|Any CPU
		{20FDA6ED-B68E-4610-807B-F358668F181E}.Release|x64.Deploy.0 = Release|Any CPU
		{20FDA6ED-B68E-4610-807B-F358668F181E}.Release|x86.ActiveCfg = Release|Any CPU
		{20FDA6ED-B68E-4610-807B-F358668F181E}.Release|x86.Build.0 = Release|Any CPU
		{20FDA6ED-B68E-4610-807B-F358668F181E}.Release|x86.Deploy.0 = Release|Any CPU
		{B445DF73-AC9E-4276-9FBA-7CB5AD5D2518}.Ad-Hoc|Any CPU.ActiveCfg = Release|Any CPU
		{B445DF73-AC9E-4276-9FBA-7CB5AD5D2518}.Ad-Hoc|Any CPU.Build.0 = Release|Any CPU
		{B445DF73-AC9E-4276-9FBA-7CB5AD5D2518}.Ad-Hoc|ARM.ActiveCfg = Release|Any CPU
		{B445DF73-AC9E-4276-9FBA-7CB5AD5D2518}.Ad-Hoc|ARM.Build.0 = Release|Any CPU
		{B445DF73-AC9E-4276-9FBA-7CB5AD5D2518}.Ad-Hoc|iPhone.ActiveCfg = Release|Any CPU
		{B445DF73-AC9E-4276-9FBA-7CB5AD5D2518}.Ad-Hoc|iPhone.Build.0 = Release|Any CPU
		{B445DF73-AC9E-4276-9FBA-7CB5AD5D2518}.Ad-Hoc|iPhoneSimulator.ActiveCfg = Release|Any CPU
		{B445DF73-AC9E-4276-9FBA-7CB5AD5D2518}.Ad-Hoc|iPhoneSimulator.Build.0 = Release|Any CPU
		{B445DF73-AC9E-4276-9FBA-7CB5AD5D2518}.Ad-Hoc|x64.ActiveCfg = Release|Any CPU
		{B445DF73-AC9E-4276-9FBA-7CB5AD5D2518}.Ad-Hoc|x64.Build.0 = Release|Any CPU
		{B445DF73-AC9E-4276-9FBA-7CB5AD5D2518}.Ad-Hoc|x86.ActiveCfg = Release|Any CPU
		{B445DF73-AC9E-4276-9FBA-7CB5AD5D2518}.Ad-Hoc|x86.Build.0 = Release|Any CPU
		{B445DF73-AC9E-4276-9FBA-7CB5AD5D2518}.AppStore|Any CPU.ActiveCfg = Release|Any CPU
		{B445DF73-AC9E-4276-9FBA-7CB5AD5D2518}.AppStore|Any CPU.Build.0 = Release|Any CPU
		{B445DF73-AC9E-4276-9FBA-7CB5AD5D2518}.AppStore|ARM.ActiveCfg = Release|Any CPU
		{B445DF73-AC9E-4276-9FBA-7CB5AD5D2518}.AppStore|ARM.Build.0 = Release|Any CPU
		{B445DF73-AC9E-4276-9FBA-7CB5AD5D2518}.AppStore|iPhone.ActiveCfg = Release|Any CPU
		{B445DF73-AC9E-4276-9FBA-7CB5AD5D2518}.AppStore|iPhone.Build.0 = Release|Any CPU
		{B445DF73-AC9E-4276-9FBA-7CB5AD5D2518}.AppStore|iPhoneSimulator.ActiveCfg = Release|Any CPU
		{B445DF73-AC9E-4276-9FBA-7CB5AD5D2518}.AppStore|iPhoneSimulator.Build.0 = Release|Any CPU
		{B445DF73-AC9E-4276-9FBA-7CB5AD5D2518}.AppStore|x64.ActiveCfg = Release|Any CPU
		{B445DF73-AC9E-4276-9FBA-7CB5AD5D2518}.AppStore|x64.Build.0 = Release|Any CPU
		{B445DF73-AC9E-4276-9FBA-7CB5AD5D2518}.AppStore|x86.ActiveCfg = Release|Any CPU
		{B445DF73-AC9E-4276-9FBA-7CB5AD5D2518}.AppStore|x86.Build.0 = Release|Any CPU
		{B445DF73-AC9E-4276-9FBA-7CB5AD5D2518}.Debug|Any CPU.ActiveCfg = Debug|Any CPU
		{B445DF73-AC9E-4276-9FBA-7CB5AD5D2518}.Debug|Any CPU.Build.0 = Debug|Any CPU
		{B445DF73-AC9E-4276-9FBA-7CB5AD5D2518}.Debug|ARM.ActiveCfg = Debug|Any CPU
		{B445DF73-AC9E-4276-9FBA-7CB5AD5D2518}.Debug|ARM.Build.0 = Debug|Any CPU
		{B445DF73-AC9E-4276-9FBA-7CB5AD5D2518}.Debug|iPhone.ActiveCfg = Debug|Any CPU
		{B445DF73-AC9E-4276-9FBA-7CB5AD5D2518}.Debug|iPhone.Build.0 = Debug|Any CPU
		{B445DF73-AC9E-4276-9FBA-7CB5AD5D2518}.Debug|iPhoneSimulator.ActiveCfg = Debug|Any CPU
		{B445DF73-AC9E-4276-9FBA-7CB5AD5D2518}.Debug|iPhoneSimulator.Build.0 = Debug|Any CPU
		{B445DF73-AC9E-4276-9FBA-7CB5AD5D2518}.Debug|x64.ActiveCfg = Debug|Any CPU
		{B445DF73-AC9E-4276-9FBA-7CB5AD5D2518}.Debug|x64.Build.0 = Debug|Any CPU
		{B445DF73-AC9E-4276-9FBA-7CB5AD5D2518}.Debug|x86.ActiveCfg = Debug|Any CPU
		{B445DF73-AC9E-4276-9FBA-7CB5AD5D2518}.Debug|x86.Build.0 = Debug|Any CPU
		{B445DF73-AC9E-4276-9FBA-7CB5AD5D2518}.Release|Any CPU.ActiveCfg = Release|Any CPU
		{B445DF73-AC9E-4276-9FBA-7CB5AD5D2518}.Release|Any CPU.Build.0 = Release|Any CPU
		{B445DF73-AC9E-4276-9FBA-7CB5AD5D2518}.Release|ARM.ActiveCfg = Release|Any CPU
		{B445DF73-AC9E-4276-9FBA-7CB5AD5D2518}.Release|ARM.Build.0 = Release|Any CPU
		{B445DF73-AC9E-4276-9FBA-7CB5AD5D2518}.Release|iPhone.ActiveCfg = Release|Any CPU
		{B445DF73-AC9E-4276-9FBA-7CB5AD5D2518}.Release|iPhone.Build.0 = Release|Any CPU
		{B445DF73-AC9E-4276-9FBA-7CB5AD5D2518}.Release|iPhoneSimulator.ActiveCfg = Release|Any CPU
		{B445DF73-AC9E-4276-9FBA-7CB5AD5D2518}.Release|iPhoneSimulator.Build.0 = Release|Any CPU
		{B445DF73-AC9E-4276-9FBA-7CB5AD5D2518}.Release|x64.ActiveCfg = Release|Any CPU
		{B445DF73-AC9E-4276-9FBA-7CB5AD5D2518}.Release|x64.Build.0 = Release|Any CPU
		{B445DF73-AC9E-4276-9FBA-7CB5AD5D2518}.Release|x86.ActiveCfg = Release|Any CPU
		{B445DF73-AC9E-4276-9FBA-7CB5AD5D2518}.Release|x86.Build.0 = Release|Any CPU
	EndGlobalSection
	GlobalSection(SolutionProperties) = preSolution
		HideSolutionNode = FALSE
	EndGlobalSection
	GlobalSection(ExtensibilityGlobals) = postSolution
		SolutionGuid = {F6D05029-56B8-4E45-AF2D-0E76295DDBA2}
	EndGlobalSection
EndGlobal
